
Microsoft Visual Studio Solution File, Format Version 12.00
# Visual Studio Version 17
VisualStudioVersion = 17.8.34525.116
MinimumVisualStudioVersion = 10.0.40219.1
Project("{FAE04EC0-301F-11D3-BF4B-00C04F79EFBC}") = "eCommerceProgettoS3L5", "eCommerceProgettoS3L5.csproj", "{E447940A-CDCF-48E6-8965-C6A3AAC3792A}"
EndProject
Global
	GlobalSection(SolutionConfigurationPlatforms) = preSolution
		Debug|Any CPU = Debug|Any CPU
		Release|Any CPU = Release|Any CPU
	EndGlobalSection
	GlobalSection(ProjectConfigurationPlatforms) = postSolution
		{E447940A-CDCF-48E6-8965-C6A3AAC3792A}.Debug|Any CPU.ActiveCfg = Debug|Any CPU
		{E447940A-CDCF-48E6-8965-C6A3AAC3792A}.Debug|Any CPU.Build.0 = Debug|Any CPU
		{E447940A-CDCF-48E6-8965-C6A3AAC3792A}.Release|Any CPU.ActiveCfg = Release|Any CPU
		{E447940A-CDCF-48E6-8965-C6A3AAC3792A}.Release|Any CPU.Build.0 = Release|Any CPU
	EndGlobalSection
	GlobalSection(SolutionProperties) = preSolution
		HideSolutionNode = FALSE
	EndGlobalSection
	GlobalSection(ExtensibilityGlobals) = postSolution
		SolutionGuid = {F1FE0A9F-4EFE-4DEE-A08D-EED11C96A2C2}
	EndGlobalSection
EndGlobal
